
Microsoft Visual Studio Solution File, Format Version 12.00
# Visual Studio 15
VisualStudioVersion = 15.0.28307.489
MinimumVisualStudioVersion = 10.0.40219.1
Project("{8BC9CEB8-8B4A-11D0-8D11-00A0C91BC942}") = "Socket_TestApp_Server", "Socket_TestApp\Socket_TestApp.vcxproj", "{9B437E1E-D18B-4E76-BECA-C33E88094689}"
EndProject
Project("{8BC9CEB8-8B4A-11D0-8D11-00A0C91BC942}") = "Socket_TestApp_Client", "Socket_TestApp_Client\Socket_TestApp_Client.vcxproj", "{F402BBFF-3D15-4280-BDB4-2D3A7DABC2AF}"
EndProject
Global
	GlobalSection(SolutionConfigurationPlatforms) = preSolution
		Debug|x64 = Debug|x64
		Debug|x86 = Debug|x86
		Release|x64 = Release|x64
		Release|x86 = Release|x86
	EndGlobalSection
	GlobalSection(ProjectConfigurationPlatforms) = postSolution
		{9B437E1E-D18B-4E76-BECA-C33E88094689}.Debug|x64.ActiveCfg = Debug|x64
		{9B437E1E-D18B-4E76-BECA-C33E88094689}.Debug|x64.Build.0 = Debug|x64
		{9B437E1E-D18B-4E76-BECA-C33E88094689}.Debug|x86.ActiveCfg = Debug|Win32
		{9B437E1E-D18B-4E76-BECA-C33E88094689}.Debug|x86.Build.0 = Debug|Win32
		{9B437E1E-D18B-4E76-BECA-C33E88094689}.Release|x64.ActiveCfg = Release|x64
		{9B437E1E-D18B-4E76-BECA-C33E88094689}.Release|x64.Build.0 = Release|x64
		{9B437E1E-D18B-4E76-BECA-C33E88094689}.Release|x86.ActiveCfg = Release|Win32
		{9B437E1E-D18B-4E76-BECA-C33E88094689}.Release|x86.Build.0 = Release|Win32
		{F402BBFF-3D15-4280-BDB4-2D3A7DABC2AF}.Debug|x64.ActiveCfg = Debug|x64
		{F402BBFF-3D15-4280-BDB4-2D3A7DABC2AF}.Debug|x64.Build.0 = Debug|x64
		{F402BBFF-3D15-4280-BDB4-2D3A7DABC2AF}.Debug|x86.ActiveCfg = Debug|Win32
		{F402BBFF-3D15-4280-BDB4-2D3A7DABC2AF}.Debug|x86.Build.0 = Debug|Win32
		{F402BBFF-3D15-4280-BDB4-2D3A7DABC2AF}.Release|x64.ActiveCfg = Release|x64
		{F402BBFF-3D15-4280-BDB4-2D3A7DABC2AF}.Release|x64.Build.0 = Release|x64
		{F402BBFF-3D15-4280-BDB4-2D3A7DABC2AF}.Release|x86.ActiveCfg = Release|Win32
		{F402BBFF-3D15-4280-BDB4-2D3A7DABC2AF}.Release|x86.Build.0 = Release|Win32
	EndGlobalSection
	GlobalSection(SolutionProperties) = preSolution
		HideSolutionNode = FALSE
	EndGlobalSection
	GlobalSection(ExtensibilityGlobals) = postSolution
		SolutionGuid = {B0052500-E267-49E0-A670-41EDA1F22AA5}
	EndGlobalSection
EndGlobal
